{
  "version": 4,
  "terraform_version": "1.14.4",
  "serial": 46,
  "lineage": "31612707-3910-35b0-7909-6584910ad7ad",
  "outputs": {
    "http_api_endpoint": {
      "value": "https://rm0t2sapef.execute-api.us-east-1.amazonaws.com",
      "type": "string"
    }
  },
  "resources": [
    {
      "mode": "data",
      "type": "aws_lambda_function",
      "name": "contact",
      "provider": "provider[\"registry.terraform.io/hashicorp/aws\"]",
      "instances": [
        {
          "schema_version": 0,
          "attributes": {
            "architectures": [
              "x86_64"
            ],
            "arn": "arn:aws:lambda:us-east-1:727646486460:function:back-sorte-contact",
            "capacity_provider_config": [],
            "code_sha256": "Sa1HrqOEKcJ48ZkdiAfvi7dpnTJYBDtcj2ZjJLHFd+Y=",
            "code_signing_config_arn": "",
            "dead_letter_config": [],
            "description": "",
            "durable_config": null,
            "environment": [
              {
                "variables": {
                  "DYNAMODB_TABLE": "core"
                }
              }
            ],
            "ephemeral_storage": [
              {
                "size": 512
              }
            ],
            "file_system_config": [],
            "function_name": "back-sorte-contact",
            "handler": "bootstrap",
            "id": "back-sorte-contact",
            "image_uri": "",
            "invoke_arn": "arn:aws:apigateway:us-east-1:lambda:path/2015-03-31/functions/arn:aws:lambda:us-east-1:727646486460:function:back-sorte-contact/invocations",
            "kms_key_arn": "",
            "last_modified": "2026-02-02T17:47:05.781+0000",
            "layers": [],
            "logging_config": [
              {
                "application_log_level": "",
                "log_format": "Text",
                "log_group": "/aws/lambda/back-sorte-contact",
                "system_log_level": ""
              }
            ],
            "memory_size": 128,
            "qualified_arn": "arn:aws:lambda:us-east-1:727646486460:function:back-sorte-contact:$LATEST",
            "qualified_invoke_arn": "arn:aws:apigateway:us-east-1:lambda:path/2015-03-31/functions/arn:aws:lambda:us-east-1:727646486460:function:back-sorte-contact:$LATEST/invocations",
            "qualifier": null,
            "region": "us-east-1",
            "reserved_concurrent_executions": -1,
            "response_streaming_invoke_arn": "arn:aws:apigateway:us-east-1:lambda:path/2021-11-15/functions/arn:aws:lambda:us-east-1:727646486460:function:back-sorte-contact/response-streaming-invocations",
            "role": "arn:aws:iam::727646486460:role/back-sorte-contact-role",
            "runtime": "provided.al2",
            "signing_job_arn": "",
            "signing_profile_version_arn": "",
            "source_code_hash": "Sa1HrqOEKcJ48ZkdiAfvi7dpnTJYBDtcj2ZjJLHFd+Y=",
            "source_code_size": 8042034,
            "source_kms_key_arn": "",
            "tags": {},
            "tenancy_config": null,
            "timeout": 3,
            "tracing_config": [
              {
                "mode": "PassThrough"
              }
            ],
            "version": "$LATEST",
            "vpc_config": []
          },
          "sensitive_attributes": [],
          "identity_schema_version": 0
        }
      ]
    },
    {
      "mode": "data",
      "type": "aws_lambda_function",
      "name": "donation",
      "provider": "provider[\"registry.terraform.io/hashicorp/aws\"]",
      "instances": [
        {
          "schema_version": 0,
          "attributes": {
            "architectures": [
              "x86_64"
            ],
            "arn": "arn:aws:lambda:us-east-1:727646486460:function:back-sorte-donation",
            "capacity_provider_config": [],
            "code_sha256": "sy+XAWlaw4WZd9M4vXs3JTEXv0V+VSemz0YtCBRpKYM=",
            "code_signing_config_arn": "",
            "dead_letter_config": [],
            "description": "",
            "durable_config": null,
            "environment": [
              {
                "variables": {
                  "AWS_BUCKET_NAME_IMG_DOACAO": "",
                  "DYNAMODB_TABLE": "core",
                  "JWT_SECRET": ""
                }
              }
            ],
            "ephemeral_storage": [
              {
                "size": 512
              }
            ],
            "file_system_config": [],
            "function_name": "back-sorte-donation",
            "handler": "bootstrap",
            "id": "back-sorte-donation",
            "image_uri": "",
            "invoke_arn": "arn:aws:apigateway:us-east-1:lambda:path/2015-03-31/functions/arn:aws:lambda:us-east-1:727646486460:function:back-sorte-donation/invocations",
            "kms_key_arn": "",
            "last_modified": "2026-02-02T14:17:11.908+0000",
            "layers": [],
            "logging_config": [
              {
                "application_log_level": "",
                "log_format": "Text",
                "log_group": "/aws/lambda/back-sorte-donation",
                "system_log_level": ""
              }
            ],
            "memory_size": 128,
            "qualified_arn": "arn:aws:lambda:us-east-1:727646486460:function:back-sorte-donation:$LATEST",
            "qualified_invoke_arn": "arn:aws:apigateway:us-east-1:lambda:path/2015-03-31/functions/arn:aws:lambda:us-east-1:727646486460:function:back-sorte-donation:$LATEST/invocations",
            "qualifier": null,
            "region": "us-east-1",
            "reserved_concurrent_executions": -1,
            "response_streaming_invoke_arn": "arn:aws:apigateway:us-east-1:lambda:path/2021-11-15/functions/arn:aws:lambda:us-east-1:727646486460:function:back-sorte-donation/response-streaming-invocations",
            "role": "arn:aws:iam::727646486460:role/back-sorte-donation-role",
            "runtime": "provided.al2",
            "signing_job_arn": "",
            "signing_profile_version_arn": "",
            "source_code_hash": "sy+XAWlaw4WZd9M4vXs3JTEXv0V+VSemz0YtCBRpKYM=",
            "source_code_size": 10878120,
            "source_kms_key_arn": "",
            "tags": {},
            "tenancy_config": null,
            "timeout": 3,
            "tracing_config": [
              {
                "mode": "PassThrough"
              }
            ],
            "version": "$LATEST",
            "vpc_config": []
          },
          "sensitive_attributes": [],
          "identity_schema_version": 0
        }
      ]
    },
    {
      "mode": "data",
      "type": "aws_lambda_function",
      "name": "login",
      "provider": "provider[\"registry.terraform.io/hashicorp/aws\"]",
      "instances": [
        {
          "schema_version": 0,
          "attributes": {
            "architectures": [
              "x86_64"
            ],
            "arn": "arn:aws:lambda:us-east-1:727646486460:function:back-sorte-login",
            "capacity_provider_config": [],
            "code_sha256": "WEhfuK4xA5mwT91SpvJE0clFn4EWFgTEGy8lPg20X1w=",
            "code_signing_config_arn": "",
            "dead_letter_config": [],
            "description": "",
            "durable_config": null,
            "environment": [
              {
                "variables": {
                  "DYNAMODB_TABLE": "core",
                  "JWT_SECRET": "JWK6EULvSdTq+O6Q3PIIDMLBraY4oZZ1qcmvxQ2A"
                }
              }
            ],
            "ephemeral_storage": [
              {
                "size": 512
              }
            ],
            "file_system_config": [],
            "function_name": "back-sorte-login",
            "handler": "bootstrap",
            "id": "back-sorte-login",
            "image_uri": "",
            "invoke_arn": "arn:aws:apigateway:us-east-1:lambda:path/2015-03-31/functions/arn:aws:lambda:us-east-1:727646486460:function:back-sorte-login/invocations",
            "kms_key_arn": "",
            "last_modified": "2026-02-02T01:20:26.515+0000",
            "layers": [],
            "logging_config": [
              {
                "application_log_level": "",
                "log_format": "Text",
                "log_group": "/aws/lambda/back-sorte-login",
                "system_log_level": ""
              }
            ],
            "memory_size": 128,
            "qualified_arn": "arn:aws:lambda:us-east-1:727646486460:function:back-sorte-login:$LATEST",
            "qualified_invoke_arn": "arn:aws:apigateway:us-east-1:lambda:path/2015-03-31/functions/arn:aws:lambda:us-east-1:727646486460:function:back-sorte-login:$LATEST/invocations",
            "qualifier": null,
            "region": "us-east-1",
            "reserved_concurrent_executions": -1,
            "response_streaming_invoke_arn": "arn:aws:apigateway:us-east-1:lambda:path/2021-11-15/functions/arn:aws:lambda:us-east-1:727646486460:function:back-sorte-login/response-streaming-invocations",
            "role": "arn:aws:iam::727646486460:role/back-sorte-login-role",
            "runtime": "provided.al2",
            "signing_job_arn": "",
            "signing_profile_version_arn": "",
            "source_code_hash": "WEhfuK4xA5mwT91SpvJE0clFn4EWFgTEGy8lPg20X1w=",
            "source_code_size": 8190586,
            "source_kms_key_arn": "",
            "tags": {},
            "tenancy_config": null,
            "timeout": 3,
            "tracing_config": [
              {
                "mode": "PassThrough"
              }
            ],
            "version": "$LATEST",
            "vpc_config": []
          },
          "sensitive_attributes": [],
          "identity_schema_version": 0
        }
      ]
    },
    {
      "mode": "data",
      "type": "aws_lambda_function",
      "name": "pix",
      "provider": "provider[\"registry.terraform.io/hashicorp/aws\"]",
      "instances": [
        {
          "schema_version": 0,
          "attributes": {
            "architectures": [
              "x86_64"
            ],
            "arn": "arn:aws:lambda:us-east-1:727646486460:function:back-sorte-pix",
            "capacity_provider_config": [],
            "code_sha256": "qj5L+k6b0Bnq3sQbBJ+wB3tzQ/zKJwcGqxly/hDxmkY=",
            "code_signing_config_arn": "",
            "dead_letter_config": [],
            "description": "",
            "durable_config": null,
            "environment": [
              {
                "variables": {
                  "CA_PEM": "",
                  "CLIENT_ID": "",
                  "CLIENT_SECRET": "",
                  "DYNAMODB_TABLE": "core",
                  "KEY_PEM": "",
                  "SANDBOX": "false",
                  "TIMEOUT": "30"
                }
              }
            ],
            "ephemeral_storage": [
              {
                "size": 512
              }
            ],
            "file_system_config": [],
            "function_name": "back-sorte-pix",
            "handler": "bootstrap",
            "id": "back-sorte-pix",
            "image_uri": "",
            "invoke_arn": "arn:aws:apigateway:us-east-1:lambda:path/2015-03-31/functions/arn:aws:lambda:us-east-1:727646486460:function:back-sorte-pix/invocations",
            "kms_key_arn": "",
            "last_modified": "2026-02-02T17:41:05.662+0000",
            "layers": [],
            "logging_config": [
              {
                "application_log_level": "",
                "log_format": "Text",
                "log_group": "/aws/lambda/back-sorte-pix",
                "system_log_level": ""
              }
            ],
            "memory_size": 128,
            "qualified_arn": "arn:aws:lambda:us-east-1:727646486460:function:back-sorte-pix:$LATEST",
            "qualified_invoke_arn": "arn:aws:apigateway:us-east-1:lambda:path/2015-03-31/functions/arn:aws:lambda:us-east-1:727646486460:function:back-sorte-pix:$LATEST/invocations",
            "qualifier": null,
            "region": "us-east-1",
            "reserved_concurrent_executions": -1,
            "response_streaming_invoke_arn": "arn:aws:apigateway:us-east-1:lambda:path/2021-11-15/functions/arn:aws:lambda:us-east-1:727646486460:function:back-sorte-pix/response-streaming-invocations",
            "role": "arn:aws:iam::727646486460:role/back-sorte-pix-role",
            "runtime": "provided.al2",
            "signing_job_arn": "",
            "signing_profile_version_arn": "",
            "source_code_hash": "qj5L+k6b0Bnq3sQbBJ+wB3tzQ/zKJwcGqxly/hDxmkY=",
            "source_code_size": 8274958,
            "source_kms_key_arn": "",
            "tags": {},
            "tenancy_config": null,
            "timeout": 3,
            "tracing_config": [
              {
                "mode": "PassThrough"
              }
            ],
            "version": "$LATEST",
            "vpc_config": []
          },
          "sensitive_attributes": [],
          "identity_schema_version": 0
        }
      ]
    },
    {
      "mode": "data",
      "type": "aws_lambda_function",
      "name": "users",
      "provider": "provider[\"registry.terraform.io/hashicorp/aws\"]",
      "instances": [
        {
          "schema_version": 0,
          "attributes": {
            "architectures": [
              "x86_64"
            ],
            "arn": "arn:aws:lambda:us-east-1:727646486460:function:back-sorte-users",
            "capacity_provider_config": [],
            "code_sha256": "brXALtPPRVPjqAy0pjbSoWZwxrrcZ6NxkMmZHTVvqTQ=",
            "code_signing_config_arn": "",
            "dead_letter_config": [],
            "description": "",
            "durable_config": null,
            "environment": [
              {
                "variables": {
                  "AWS_BUCKET_NAME": "",
                  "AWS_BUCKET_NAME_IMG_DOACAO": "",
                  "DYNAMODB_TABLE": "core",
                  "JWT_SECRET": "",
                  "PASSWORD_RESET_KEY": ""
                }
              }
            ],
            "ephemeral_storage": [
              {
                "size": 512
              }
            ],
            "file_system_config": [],
            "function_name": "back-sorte-users",
            "handler": "bootstrap",
            "id": "back-sorte-users",
            "image_uri": "",
            "invoke_arn": "arn:aws:apigateway:us-east-1:lambda:path/2015-03-31/functions/arn:aws:lambda:us-east-1:727646486460:function:back-sorte-users/invocations",
            "kms_key_arn": "",
            "last_modified": "2026-02-02T01:46:05.820+0000",
            "layers": [],
            "logging_config": [
              {
                "application_log_level": "",
                "log_format": "Text",
                "log_group": "/aws/lambda/back-sorte-users",
                "system_log_level": ""
              }
            ],
            "memory_size": 128,
            "qualified_arn": "arn:aws:lambda:us-east-1:727646486460:function:back-sorte-users:$LATEST",
            "qualified_invoke_arn": "arn:aws:apigateway:us-east-1:lambda:path/2015-03-31/functions/arn:aws:lambda:us-east-1:727646486460:function:back-sorte-users:$LATEST/invocations",
            "qualifier": null,
            "region": "us-east-1",
            "reserved_concurrent_executions": -1,
            "response_streaming_invoke_arn": "arn:aws:apigateway:us-east-1:lambda:path/2021-11-15/functions/arn:aws:lambda:us-east-1:727646486460:function:back-sorte-users/response-streaming-invocations",
            "role": "arn:aws:iam::727646486460:role/back-sorte-users-role",
            "runtime": "provided.al2",
            "signing_job_arn": "",
            "signing_profile_version_arn": "",
            "source_code_hash": "brXALtPPRVPjqAy0pjbSoWZwxrrcZ6NxkMmZHTVvqTQ=",
            "source_code_size": 10771370,
            "source_kms_key_arn": "",
            "tags": {},
            "tenancy_config": null,
            "timeout": 3,
            "tracing_config": [
              {
                "mode": "PassThrough"
              }
            ],
            "version": "$LATEST",
            "vpc_config": []
          },
          "sensitive_attributes": [],
          "identity_schema_version": 0
        }
      ]
    },
    {
      "mode": "managed",
      "type": "aws_apigatewayv2_api",
      "name": "http",
      "provider": "provider[\"registry.terraform.io/hashicorp/aws\"]",
      "instances": [
        {
          "schema_version": 0,
          "attributes": {
            "api_endpoint": "https://rm0t2sapef.execute-api.us-east-1.amazonaws.com",
            "api_key_selection_expression": "$request.header.x-api-key",
            "arn": "arn:aws:apigateway:us-east-1::/apis/rm0t2sapef",
            "body": null,
            "cors_configuration": [
              {
                "allow_credentials": false,
                "allow_headers": [
                  "accept",
                  "authorization",
                  "content-type",
                  "origin",
                  "x-requested-with"
                ],
                "allow_methods": [
                  "DELETE",
                  "GET",
                  "OPTIONS",
                  "PATCH",
                  "POST",
                  "PUT"
                ],
                "allow_origins": [
                  "http://localhost:3487",
                  "https://thepuregrace.com",
                  "https://www.thepuregrace.com"
                ],
                "expose_headers": [],
                "max_age": 86400
              }
            ],
            "credentials_arn": null,
            "description": "",
            "disable_execute_api_endpoint": false,
            "execution_arn": "arn:aws:execute-api:us-east-1:727646486460:rm0t2sapef",
            "fail_on_warnings": null,
            "id": "rm0t2sapef",
            "ip_address_type": "ipv4",
            "name": "back-sorte-gateway-http",
            "protocol_type": "HTTP",
            "region": "us-east-1",
            "route_key": null,
            "route_selection_expression": "$request.method $request.path",
            "tags": {},
            "tags_all": {},
            "target": null,
            "version": ""
          },
          "sensitive_attributes": [],
          "identity_schema_version": 0,
          "private": "bnVsbA=="
        }
      ]
    },
    {
      "mode": "managed",
      "type": "aws_apigatewayv2_integration",
      "name": "contact",
      "provider": "provider[\"registry.terraform.io/hashicorp/aws\"]",
      "instances": [
        {
          "schema_version": 0,
          "attributes": {
            "api_id": "rm0t2sapef",
            "connection_id": "",
            "connection_type": "INTERNET",
            "content_handling_strategy": "",
            "credentials_arn": "",
            "description": "",
            "id": "0bai5j7",
            "integration_method": "POST",
            "integration_response_selection_expression": "",
            "integration_subtype": "",
            "integration_type": "AWS_PROXY",
            "integration_uri": "arn:aws:lambda:us-east-1:727646486460:function:back-sorte-contact",
            "passthrough_behavior": "",
            "payload_format_version": "2.0",
            "region": "us-east-1",
            "request_parameters": {},
            "request_templates": {},
            "response_parameters": [],
            "template_selection_expression": "",
            "timeout_milliseconds": 30000,
            "tls_config": []
          },
          "sensitive_attributes": [],
          "identity_schema_version": 0,
          "private": "bnVsbA==",
          "dependencies": [
            "aws_apigatewayv2_api.http",
            "data.aws_lambda_function.contact"
          ]
        }
      ]
    },
    {
      "mode": "managed",
      "type": "aws_apigatewayv2_integration",
      "name": "donation",
      "provider": "provider[\"registry.terraform.io/hashicorp/aws\"]",
      "instances": [
        {
          "schema_version": 0,
          "attributes": {
            "api_id": "rm0t2sapef",
            "connection_id": "",
            "connection_type": "INTERNET",
            "content_handling_strategy": "",
            "credentials_arn": "",
            "description": "",
            "id": "i1kbj75",
            "integration_method": "POST",
            "integration_response_selection_expression": "",
            "integration_subtype": "",
            "integration_type": "AWS_PROXY",
            "integration_uri": "arn:aws:lambda:us-east-1:727646486460:function:back-sorte-donation",
            "passthrough_behavior": "",
            "payload_format_version": "2.0",
            "region": "us-east-1",
            "request_parameters": {},
            "request_templates": {},
            "response_parameters": [],
            "template_selection_expression": "",
            "timeout_milliseconds": 30000,
            "tls_config": []
          },
          "sensitive_attributes": [],
          "identity_schema_version": 0,
          "private": "bnVsbA==",
          "dependencies": [
            "aws_apigatewayv2_api.http",
            "data.aws_lambda_function.donation"
          ]
        }
      ]
    },
    {
      "mode": "managed",
      "type": "aws_apigatewayv2_integration",
      "name": "login",
      "provider": "provider[\"registry.terraform.io/hashicorp/aws\"]",
      "instances": [
        {
          "schema_version": 0,
          "attributes": {
            "api_id": "rm0t2sapef",
            "connection_id": "",
            "connection_type": "INTERNET",
            "content_handling_strategy": "",
            "credentials_arn": "",
            "description": "",
            "id": "kmi05pl",
            "integration_method": "POST",
            "integration_response_selection_expression": "",
            "integration_subtype": "",
            "integration_type": "AWS_PROXY",
            "integration_uri": "arn:aws:lambda:us-east-1:727646486460:function:back-sorte-login",
            "passthrough_behavior": "",
            "payload_format_version": "2.0",
            "region": "us-east-1",
            "request_parameters": {},
            "request_templates": {},
            "response_parameters": [],
            "template_selection_expression": "",
            "timeout_milliseconds": 30000,
            "tls_config": []
          },
          "sensitive_attributes": [],
          "identity_schema_version": 0,
          "private": "bnVsbA==",
          "dependencies": [
            "aws_apigatewayv2_api.http",
            "data.aws_lambda_function.login"
          ]
        }
      ]
    },
    {
      "mode": "managed",
      "type": "aws_apigatewayv2_integration",
      "name": "pix",
      "provider": "provider[\"registry.terraform.io/hashicorp/aws\"]",
      "instances": [
        {
          "schema_version": 0,
          "attributes": {
            "api_id": "rm0t2sapef",
            "connection_id": "",
            "connection_type": "INTERNET",
            "content_handling_strategy": "",
            "credentials_arn": "",
            "description": "",
            "id": "jfy0u7m",
            "integration_method": "POST",
            "integration_response_selection_expression": "",
            "integration_subtype": "",
            "integration_type": "AWS_PROXY",
            "integration_uri": "arn:aws:lambda:us-east-1:727646486460:function:back-sorte-pix",
            "passthrough_behavior": "",
            "payload_format_version": "2.0",
            "region": "us-east-1",
            "request_parameters": {},
            "request_templates": {},
            "response_parameters": [],
            "template_selection_expression": "",
            "timeout_milliseconds": 30000,
            "tls_config": []
          },
          "sensitive_attributes": [],
          "identity_schema_version": 0,
          "private": "bnVsbA==",
          "dependencies": [
            "aws_apigatewayv2_api.http",
            "data.aws_lambda_function.pix"
          ]
        }
      ]
    },
    {
      "mode": "managed",
      "type": "aws_apigatewayv2_integration",
      "name": "users",
      "provider": "provider[\"registry.terraform.io/hashicorp/aws\"]",
      "instances": [
        {
          "schema_version": 0,
          "attributes": {
            "api_id": "rm0t2sapef",
            "connection_id": "",
            "connection_type": "INTERNET",
            "content_handling_strategy": "",
            "credentials_arn": "",
            "description": "",
            "id": "nrcndsc",
            "integration_method": "POST",
            "integration_response_selection_expression": "",
            "integration_subtype": "",
            "integration_type": "AWS_PROXY",
            "integration_uri": "arn:aws:lambda:us-east-1:727646486460:function:back-sorte-users",
            "passthrough_behavior": "",
            "payload_format_version": "2.0",
            "region": "us-east-1",
            "request_parameters": {},
            "request_templates": {},
            "response_parameters": [],
            "template_selection_expression": "",
            "timeout_milliseconds": 30000,
            "tls_config": []
          },
          "sensitive_attributes": [],
          "identity_schema_version": 0,
          "private": "bnVsbA==",
          "dependencies": [
            "aws_apigatewayv2_api.http",
            "data.aws_lambda_function.users"
          ]
        }
      ]
    },
    {
      "mode": "managed",
      "type": "aws_apigatewayv2_route",
      "name": "contact",
      "provider": "provider[\"registry.terraform.io/hashicorp/aws\"]",
      "instances": [
        {
          "schema_version": 0,
          "attributes": {
            "api_id": "rm0t2sapef",
            "api_key_required": false,
            "authorization_scopes": [],
            "authorization_type": "NONE",
            "authorizer_id": "",
            "id": "glbhy06",
            "model_selection_expression": "",
            "operation_name": "",
            "region": "us-east-1",
            "request_models": {},
            "request_parameter": [],
            "route_key": "ANY /contact/{proxy+}",
            "route_response_selection_expression": "",
            "target": "integrations/0bai5j7"
          },
          "sensitive_attributes": [],
          "identity_schema_version": 0,
          "private": "bnVsbA==",
          "dependencies": [
            "aws_apigatewayv2_api.http",
            "aws_apigatewayv2_integration.contact",
            "data.aws_lambda_function.contact"
          ]
        }
      ]
    },
    {
      "mode": "managed",
      "type": "aws_apigatewayv2_route",
      "name": "contact_base",
      "provider": "provider[\"registry.terraform.io/hashicorp/aws\"]",
      "instances": [
        {
          "schema_version": 0,
          "attributes": {
            "api_id": "rm0t2sapef",
            "api_key_required": false,
            "authorization_scopes": [],
            "authorization_type": "NONE",
            "authorizer_id": "",
            "id": "lbollnc",
            "model_selection_expression": "",
            "operation_name": "",
            "region": "us-east-1",
            "request_models": {},
            "request_parameter": [],
            "route_key": "ANY /contact",
            "route_response_selection_expression": "",
            "target": "integrations/0bai5j7"
          },
          "sensitive_attributes": [],
          "identity_schema_version": 0,
          "private": "bnVsbA==",
          "dependencies": [
            "aws_apigatewayv2_api.http",
            "aws_apigatewayv2_integration.contact",
            "data.aws_lambda_function.contact"
          ]
        }
      ]
    },
    {
      "mode": "managed",
      "type": "aws_apigatewayv2_route",
      "name": "donation",
      "provider": "provider[\"registry.terraform.io/hashicorp/aws\"]",
      "instances": [
        {
          "schema_version": 0,
          "attributes": {
            "api_id": "rm0t2sapef",
            "api_key_required": false,
            "authorization_scopes": [],
            "authorization_type": "NONE",
            "authorizer_id": "",
            "id": "uuvvdys",
            "model_selection_expression": "",
            "operation_name": "",
            "region": "us-east-1",
            "request_models": {},
            "request_parameter": [],
            "route_key": "ANY /donation/{proxy+}",
            "route_response_selection_expression": "",
            "target": "integrations/i1kbj75"
          },
          "sensitive_attributes": [],
          "identity_schema_version": 0,
          "private": "bnVsbA==",
          "dependencies": [
            "aws_apigatewayv2_api.http",
            "aws_apigatewayv2_integration.donation",
            "data.aws_lambda_function.donation"
          ]
        }
      ]
    },
    {
      "mode": "managed",
      "type": "aws_apigatewayv2_route",
      "name": "donation_base",
      "provider": "provider[\"registry.terraform.io/hashicorp/aws\"]",
      "instances": [
        {
          "schema_version": 0,
          "attributes": {
            "api_id": "rm0t2sapef",
            "api_key_required": false,
            "authorization_scopes": [],
            "authorization_type": "NONE",
            "authorizer_id": "",
            "id": "68bploc",
            "model_selection_expression": "",
            "operation_name": "",
            "region": "us-east-1",
            "request_models": {},
            "request_parameter": [],
            "route_key": "ANY /donation",
            "route_response_selection_expression": "",
            "target": "integrations/i1kbj75"
          },
          "sensitive_attributes": [],
          "identity_schema_version": 0,
          "private": "bnVsbA==",
          "dependencies": [
            "aws_apigatewayv2_api.http",
            "aws_apigatewayv2_integration.donation",
            "data.aws_lambda_function.donation"
          ]
        }
      ]
    },
    {
      "mode": "managed",
      "type": "aws_apigatewayv2_route",
      "name": "login",
      "provider": "provider[\"registry.terraform.io/hashicorp/aws\"]",
      "instances": [
        {
          "schema_version": 0,
          "attributes": {
            "api_id": "rm0t2sapef",
            "api_key_required": false,
            "authorization_scopes": [],
            "authorization_type": "NONE",
            "authorizer_id": "",
            "id": "ez5o6l0",
            "model_selection_expression": "",
            "operation_name": "",
            "region": "us-east-1",
            "request_models": {},
            "request_parameter": [],
            "route_key": "ANY /login/{proxy+}",
            "route_response_selection_expression": "",
            "target": "integrations/kmi05pl"
          },
          "sensitive_attributes": [],
          "identity_schema_version": 0,
          "private": "bnVsbA==",
          "dependencies": [
            "aws_apigatewayv2_api.http",
            "aws_apigatewayv2_integration.login",
            "data.aws_lambda_function.login"
          ]
        }
      ]
    },
    {
      "mode": "managed",
      "type": "aws_apigatewayv2_route",
      "name": "login_base",
      "provider": "provider[\"registry.terraform.io/hashicorp/aws\"]",
      "instances": [
        {
          "schema_version": 0,
          "attributes": {
            "api_id": "rm0t2sapef",
            "api_key_required": false,
            "authorization_scopes": [],
            "authorization_type": "NONE",
            "authorizer_id": "",
            "id": "tnvlvb3",
            "model_selection_expression": "",
            "operation_name": "",
            "region": "us-east-1",
            "request_models": {},
            "request_parameter": [],
            "route_key": "ANY /login",
            "route_response_selection_expression": "",
            "target": "integrations/kmi05pl"
          },
          "sensitive_attributes": [],
          "identity_schema_version": 0,
          "private": "bnVsbA==",
          "dependencies": [
            "aws_apigatewayv2_api.http",
            "aws_apigatewayv2_integration.login",
            "data.aws_lambda_function.login"
          ]
        }
      ]
    },
    {
      "mode": "managed",
      "type": "aws_apigatewayv2_route",
      "name": "pix",
      "provider": "provider[\"registry.terraform.io/hashicorp/aws\"]",
      "instances": [
        {
          "schema_version": 0,
          "attributes": {
            "api_id": "rm0t2sapef",
            "api_key_required": false,
            "authorization_scopes": [],
            "authorization_type": "NONE",
            "authorizer_id": "",
            "id": "cya35ta",
            "model_selection_expression": "",
            "operation_name": "",
            "region": "us-east-1",
            "request_models": {},
            "request_parameter": [],
            "route_key": "ANY /pix/{proxy+}",
            "route_response_selection_expression": "",
            "target": "integrations/jfy0u7m"
          },
          "sensitive_attributes": [],
          "identity_schema_version": 0,
          "private": "bnVsbA==",
          "dependencies": [
            "aws_apigatewayv2_api.http",
            "aws_apigatewayv2_integration.pix",
            "data.aws_lambda_function.pix"
          ]
        }
      ]
    },
    {
      "mode": "managed",
      "type": "aws_apigatewayv2_route",
      "name": "pix_base",
      "provider": "provider[\"registry.terraform.io/hashicorp/aws\"]",
      "instances": [
        {
          "schema_version": 0,
          "attributes": {
            "api_id": "rm0t2sapef",
            "api_key_required": false,
            "authorization_scopes": [],
            "authorization_type": "NONE",
            "authorizer_id": "",
            "id": "xr7x703",
            "model_selection_expression": "",
            "operation_name": "",
            "region": "us-east-1",
            "request_models": {},
            "request_parameter": [],
            "route_key": "ANY /pix",
            "route_response_selection_expression": "",
            "target": "integrations/jfy0u7m"
          },
          "sensitive_attributes": [],
          "identity_schema_version": 0,
          "private": "bnVsbA==",
          "dependencies": [
            "aws_apigatewayv2_api.http",
            "aws_apigatewayv2_integration.pix",
            "data.aws_lambda_function.pix"
          ]
        }
      ]
    },
    {
      "mode": "managed",
      "type": "aws_apigatewayv2_route",
      "name": "users",
      "provider": "provider[\"registry.terraform.io/hashicorp/aws\"]",
      "instances": [
        {
          "schema_version": 0,
          "attributes": {
            "api_id": "rm0t2sapef",
            "api_key_required": false,
            "authorization_scopes": [],
            "authorization_type": "NONE",
            "authorizer_id": "",
            "id": "67sxn0v",
            "model_selection_expression": "",
            "operation_name": "",
            "region": "us-east-1",
            "request_models": {},
            "request_parameter": [],
            "route_key": "ANY /users/{proxy+}",
            "route_response_selection_expression": "",
            "target": "integrations/nrcndsc"
          },
          "sensitive_attributes": [],
          "identity_schema_version": 0,
          "private": "bnVsbA==",
          "dependencies": [
            "aws_apigatewayv2_api.http",
            "aws_apigatewayv2_integration.users",
            "data.aws_lambda_function.users"
          ]
        }
      ]
    },
    {
      "mode": "managed",
      "type": "aws_apigatewayv2_route",
      "name": "users_base",
      "provider": "provider[\"registry.terraform.io/hashicorp/aws\"]",
      "instances": [
        {
          "schema_version": 0,
          "attributes": {
            "api_id": "rm0t2sapef",
            "api_key_required": false,
            "authorization_scopes": [],
            "authorization_type": "NONE",
            "authorizer_id": "",
            "id": "cqglg0v",
            "model_selection_expression": "",
            "operation_name": "",
            "region": "us-east-1",
            "request_models": {},
            "request_parameter": [],
            "route_key": "ANY /users",
            "route_response_selection_expression": "",
            "target": "integrations/nrcndsc"
          },
          "sensitive_attributes": [],
          "identity_schema_version": 0,
          "private": "bnVsbA==",
          "dependencies": [
            "aws_apigatewayv2_api.http",
            "aws_apigatewayv2_integration.users",
            "data.aws_lambda_function.users"
          ]
        }
      ]
    },
    {
      "mode": "managed",
      "type": "aws_apigatewayv2_stage",
      "name": "default",
      "provider": "provider[\"registry.terraform.io/hashicorp/aws\"]",
      "instances": [
        {
          "schema_version": 0,
          "attributes": {
            "access_log_settings": [
              {
                "destination_arn": "arn:aws:logs:us-east-1:727646486460:log-group:/aws/apigateway/back-sorte-gateway-http",
                "format": "{\"errorMessage\":\"$context.error.message\",\"httpMethod\":\"$context.httpMethod\",\"integrationError\":\"$context.integrationErrorMessage\",\"path\":\"$context.path\",\"requestId\":\"$context.requestId\",\"requestTime\":\"$context.requestTime\",\"responseLength\":\"$context.responseLength\",\"routeKey\":\"$context.routeKey\",\"sourceIp\":\"$context.identity.sourceIp\",\"status\":\"$context.status\",\"userAgent\":\"$context.identity.userAgent\"}"
              }
            ],
            "api_id": "rm0t2sapef",
            "arn": "arn:aws:apigateway:us-east-1::/apis/rm0t2sapef/stages/$default",
            "auto_deploy": true,
            "client_certificate_id": "",
            "default_route_settings": [
              {
                "data_trace_enabled": false,
                "detailed_metrics_enabled": false,
                "logging_level": "",
                "throttling_burst_limit": 0,
                "throttling_rate_limit": 0
              }
            ],
            "deployment_id": "c9ytv9",
            "description": "",
            "execution_arn": "arn:aws:execute-api:us-east-1:727646486460:rm0t2sapef/$default",
            "id": "$default",
            "invoke_url": "https://rm0t2sapef.execute-api.us-east-1.amazonaws.com/",
            "name": "$default",
            "region": "us-east-1",
            "route_settings": [],
            "stage_variables": {},
            "tags": {},
            "tags_all": {}
          },
          "sensitive_attributes": [],
          "identity_schema_version": 0,
          "private": "bnVsbA==",
          "dependencies": [
            "aws_apigatewayv2_api.http",
            "aws_cloudwatch_log_group.api_gw_access"
          ]
        }
      ]
    },
    {
      "mode": "managed",
      "type": "aws_cloudwatch_log_group",
      "name": "api_gw_access",
      "provider": "provider[\"registry.terraform.io/hashicorp/aws\"]",
      "instances": [
        {
          "schema_version": 0,
          "attributes": {
            "arn": "arn:aws:logs:us-east-1:727646486460:log-group:/aws/apigateway/back-sorte-gateway-http",
            "deletion_protection_enabled": false,
            "id": "/aws/apigateway/back-sorte-gateway-http",
            "kms_key_id": "",
            "log_group_class": "STANDARD",
            "name": "/aws/apigateway/back-sorte-gateway-http",
            "name_prefix": "",
            "region": "us-east-1",
            "retention_in_days": 7,
            "skip_destroy": false,
            "tags": {},
            "tags_all": {}
          },
          "sensitive_attributes": [],
          "identity_schema_version": 0,
          "identity": {
            "account_id": "727646486460",
            "name": "/aws/apigateway/back-sorte-gateway-http",
            "region": "us-east-1"
          },
          "private": "bnVsbA=="
        }
      ]
    },
    {
      "mode": "managed",
      "type": "aws_lambda_permission",
      "name": "contact",
      "provider": "provider[\"registry.terraform.io/hashicorp/aws\"]",
      "instances": [
        {
          "schema_version": 0,
          "attributes": {
            "action": "lambda:InvokeFunction",
            "event_source_token": null,
            "function_name": "back-sorte-contact",
            "function_url_auth_type": null,
            "id": "AllowAPIGatewayContact-20260202185742396900000004",
            "invoked_via_function_url": null,
            "principal": "apigateway.amazonaws.com",
            "principal_org_id": null,
            "qualifier": "",
            "region": "us-east-1",
            "source_account": null,
            "source_arn": "arn:aws:execute-api:us-east-1:727646486460:rm0t2sapef/*/*",
            "statement_id": "AllowAPIGatewayContact-20260202185742396900000004",
            "statement_id_prefix": "AllowAPIGatewayContact-"
          },
          "sensitive_attributes": [],
          "identity_schema_version": 0,
          "identity": {
            "account_id": "727646486460",
            "function_name": "back-sorte-contact",
            "qualifier": null,
            "region": "us-east-1",
            "statement_id": "AllowAPIGatewayContact-20260202185742396900000004"
          },
          "private": "bnVsbA==",
          "dependencies": [
            "aws_apigatewayv2_api.http",
            "data.aws_lambda_function.contact"
          ]
        }
      ]
    },
    {
      "mode": "managed",
      "type": "aws_lambda_permission",
      "name": "donation",
      "provider": "provider[\"registry.terraform.io/hashicorp/aws\"]",
      "instances": [
        {
          "schema_version": 0,
          "attributes": {
            "action": "lambda:InvokeFunction",
            "event_source_token": null,
            "function_name": "back-sorte-donation",
            "function_url_auth_type": null,
            "id": "AllowAPIGatewayDonation-20260202185742381400000001",
            "invoked_via_function_url": null,
            "principal": "apigateway.amazonaws.com",
            "principal_org_id": null,
            "qualifier": "",
            "region": "us-east-1",
            "source_account": null,
            "source_arn": "arn:aws:execute-api:us-east-1:727646486460:rm0t2sapef/*/*",
            "statement_id": "AllowAPIGatewayDonation-20260202185742381400000001",
            "statement_id_prefix": "AllowAPIGatewayDonation-"
          },
          "sensitive_attributes": [],
          "identity_schema_version": 0,
          "identity": {
            "account_id": "727646486460",
            "function_name": "back-sorte-donation",
            "qualifier": null,
            "region": "us-east-1",
            "statement_id": "AllowAPIGatewayDonation-20260202185742381400000001"
          },
          "private": "bnVsbA==",
          "dependencies": [
            "aws_apigatewayv2_api.http",
            "data.aws_lambda_function.donation"
          ]
        }
      ]
    },
    {
      "mode": "managed",
      "type": "aws_lambda_permission",
      "name": "login",
      "provider": "provider[\"registry.terraform.io/hashicorp/aws\"]",
      "instances": [
        {
          "schema_version": 0,
          "attributes": {
            "action": "lambda:InvokeFunction",
            "event_source_token": null,
            "function_name": "back-sorte-login",
            "function_url_auth_type": null,
            "id": "AllowAPIGatewayLogin-20260202185742388400000002",
            "invoked_via_function_url": null,
            "principal": "apigateway.amazonaws.com",
            "principal_org_id": null,
            "qualifier": "",
            "region": "us-east-1",
            "source_account": null,
            "source_arn": "arn:aws:execute-api:us-east-1:727646486460:rm0t2sapef/*/*",
            "statement_id": "AllowAPIGatewayLogin-20260202185742388400000002",
            "statement_id_prefix": "AllowAPIGatewayLogin-"
          },
          "sensitive_attributes": [],
          "identity_schema_version": 0,
          "identity": {
            "account_id": "727646486460",
            "function_name": "back-sorte-login",
            "qualifier": null,
            "region": "us-east-1",
            "statement_id": "AllowAPIGatewayLogin-20260202185742388400000002"
          },
          "private": "bnVsbA==",
          "dependencies": [
            "aws_apigatewayv2_api.http",
            "data.aws_lambda_function.login"
          ]
        }
      ]
    },
    {
      "mode": "managed",
      "type": "aws_lambda_permission",
      "name": "pix",
      "provider": "provider[\"registry.terraform.io/hashicorp/aws\"]",
      "instances": [
        {
          "schema_version": 0,
          "attributes": {
            "action": "lambda:InvokeFunction",
            "event_source_token": null,
            "function_name": "back-sorte-pix",
            "function_url_auth_type": null,
            "id": "AllowAPIGatewayPix-20260202185742390900000003",
            "invoked_via_function_url": null,
            "principal": "apigateway.amazonaws.com",
            "principal_org_id": null,
            "qualifier": "",
            "region": "us-east-1",
            "source_account": null,
            "source_arn": "arn:aws:execute-api:us-east-1:727646486460:rm0t2sapef/*/*",
            "statement_id": "AllowAPIGatewayPix-20260202185742390900000003",
            "statement_id_prefix": "AllowAPIGatewayPix-"
          },
          "sensitive_attributes": [],
          "identity_schema_version": 0,
          "identity": {
            "account_id": "727646486460",
            "function_name": "back-sorte-pix",
            "qualifier": null,
            "region": "us-east-1",
            "statement_id": "AllowAPIGatewayPix-20260202185742390900000003"
          },
          "private": "bnVsbA==",
          "dependencies": [
            "aws_apigatewayv2_api.http",
            "data.aws_lambda_function.pix"
          ]
        }
      ]
    },
    {
      "mode": "managed",
      "type": "aws_lambda_permission",
      "name": "users",
      "provider": "provider[\"registry.terraform.io/hashicorp/aws\"]",
      "instances": [
        {
          "schema_version": 0,
          "attributes": {
            "action": "lambda:InvokeFunction",
            "event_source_token": null,
            "function_name": "back-sorte-users",
            "function_url_auth_type": null,
            "id": "AllowAPIGatewayUsers-20260202185742402900000005",
            "invoked_via_function_url": null,
            "principal": "apigateway.amazonaws.com",
            "principal_org_id": null,
            "qualifier": "",
            "region": "us-east-1",
            "source_account": null,
            "source_arn": "arn:aws:execute-api:us-east-1:727646486460:rm0t2sapef/*/*",
            "statement_id": "AllowAPIGatewayUsers-20260202185742402900000005",
            "statement_id_prefix": "AllowAPIGatewayUsers-"
          },
          "sensitive_attributes": [],
          "identity_schema_version": 0,
          "identity": {
            "account_id": "727646486460",
            "function_name": "back-sorte-users",
            "qualifier": null,
            "region": "us-east-1",
            "statement_id": "AllowAPIGatewayUsers-20260202185742402900000005"
          },
          "private": "bnVsbA==",
          "dependencies": [
            "aws_apigatewayv2_api.http",
            "data.aws_lambda_function.users"
          ]
        }
      ]
    }
  ],
  "check_results": null
}
